// !$*UTF8*$!
{
	archiveVersion = 1;
	classes = {
	};
	objectVersion = 77;
	objects = {

/* Begin PBXBuildFile section */
		0005EE0DEB8C2B0034B5A724 /* LoginItemClient.swift in Sources */ = {isa = PBXBuildFile; fileRef = 972881A939787545F8951D3D /* LoginItemClient.swift */; };
		07B622426AB13D6F593CEA79 /* OverlayPlacementTests.swift in Sources */ = {isa = PBXBuildFile; fileRef = 410D525D3DC64FE7F1F6910F /* OverlayPlacementTests.swift */; };
		0BEA5D57506C0E23A7A4E24A /* PinboardStore.swift in Sources */ = {isa = PBXBuildFile; fileRef = D32AD94DB9741C9FB9CBEFE3 /* PinboardStore.swift */; };
		0CD97FA471CEC05CC9C2DDD7 /* AppSettings.swift in Sources */ = {isa = PBXBuildFile; fileRef = 2DA09DA27067536467BF3A0B /* AppSettings.swift */; };
		118BB37330171ED4685D90FB /* AccessibilityClient.swift in Sources */ = {isa = PBXBuildFile; fileRef = C2B7A6D396604F92C8230B2E /* AccessibilityClient.swift */; };
		129F5E0BE57787E365BD78EC /* PasteboardSnapshot.swift in Sources */ = {isa = PBXBuildFile; fileRef = 88B7F3451D99AFF4119323A7 /* PasteboardSnapshot.swift */; };
		1E5FC1F6780946F2C1428188 /* PrivacySettingsView.swift in Sources */ = {isa = PBXBuildFile; fileRef = F2B361885135DF8243C37EFC /* PrivacySettingsView.swift */; };
		2383FE8196B096A73E56B1CE /* PrivacyFilterTests.swift in Sources */ = {isa = PBXBuildFile; fileRef = D7F265F57467EBC18143F52B /* PrivacyFilterTests.swift */; };
		248E9A758530134CAB544263 /* ClipboardParser.swift in Sources */ = {isa = PBXBuildFile; fileRef = 9115F049D408F24EC4B2EC00 /* ClipboardParser.swift */; };
		25E264E8FE8E797740593ABD /* ClipboardItemTests.swift in Sources */ = {isa = PBXBuildFile; fileRef = 265E7B996C1825028DD2E41B /* ClipboardItemTests.swift */; };
		302B3B0D3F54437B43F8DD89 /* ShortcutRecorderButton.swift in Sources */ = {isa = PBXBuildFile; fileRef = 52306C3CEB128770C52C1B82 /* ShortcutRecorderButton.swift */; };
		375079078392BF0E2C1C7887 /* ContentFingerprint.swift in Sources */ = {isa = PBXBuildFile; fileRef = 820CAE48D1031FDF6FB447EA /* ContentFingerprint.swift */; };
		3827975511379D0538AC7C25 /* HistoryRepository.swift in Sources */ = {isa = PBXBuildFile; fileRef = 0CEE3A59DF01D57AD0D9F5D8 /* HistoryRepository.swift */; };
		384D353D37571BD0EFCC46F3 /* HistoryOverlayView.swift in Sources */ = {isa = PBXBuildFile; fileRef = 0FBAB8EC3AC118333856AB88 /* HistoryOverlayView.swift */; };
		3D3D462836065C0DFB087CD2 /* CardContentViews.swift in Sources */ = {isa = PBXBuildFile; fileRef = 6F81879232C1A938E9A847A1 /* CardContentViews.swift */; };
		3F5993BAD659D0FF68981CC4 /* ClipboardParserTests.swift in Sources */ = {isa = PBXBuildFile; fileRef = F97DB7A4603C3CA3FB3E5D96 /* ClipboardParserTests.swift */; };
		433F21E1A1715DF9900E0B05 /* HistoryStore.swift in Sources */ = {isa = PBXBuildFile; fileRef = 9344781979BA362272D663AA /* HistoryStore.swift */; };
		43A157C488F86BDB0CD14AC4 /* ClipboardMonitor.swift in Sources */ = {isa = PBXBuildFile; fileRef = 35B13C043204BB797C4F1C27 /* ClipboardMonitor.swift */; };
		459DFB7A8B883325F7138B6C /* GeneralSettingsView.swift in Sources */ = {isa = PBXBuildFile; fileRef = 6724F7B29D19B84F51ACBAA5 /* GeneralSettingsView.swift */; };
		4A28FD617DEB105EF4892E17 /* OnboardingView.swift in Sources */ = {isa = PBXBuildFile; fileRef = 9F60FFA5ED8E49167C337C67 /* OnboardingView.swift */; };
		5B7942EF0AD50EA13E284041 /* PasteCoordinatorTests.swift in Sources */ = {isa = PBXBuildFile; fileRef = E9960C15B36C1BCCA5E97F9C /* PasteCoordinatorTests.swift */; };
		5E566EC81D7FC3CBE60DE88B /* ClipboardMonitorTests.swift in Sources */ = {isa = PBXBuildFile; fileRef = 1902BD5D6D24F9D6883ED955 /* ClipboardMonitorTests.swift */; };
		6341B310D0EC12C330098BC2 /* PasteCoordinator.swift in Sources */ = {isa = PBXBuildFile; fileRef = EDC566AB02F25412F3992214 /* PasteCoordinator.swift */; };
		71120242D7BC5F8B6450BDF1 /* HistoryRepositoryTests.swift in Sources */ = {isa = PBXBuildFile; fileRef = E3B5CCE570F775138B4BF339 /* HistoryRepositoryTests.swift */; };
		7C7F7CE90AAC55CA3355DF5B /* FeatureStoreTests.swift in Sources */ = {isa = PBXBuildFile; fileRef = 960D8E69132FF71B3D689D8A /* FeatureStoreTests.swift */; };
		8167536D1CF7DB576E6C01C6 /* FrontmostApplicationClient.swift in Sources */ = {isa = PBXBuildFile; fileRef = 8F67DCD6D6B4AC51412385AC /* FrontmostApplicationClient.swift */; };
		89569F35293BD1FECBECC1D6 /* SettingsView.swift in Sources */ = {isa = PBXBuildFile; fileRef = 9AEB695539DF9D29AE01B23B /* SettingsView.swift */; };
		8B9131671FDE64B7BE8C099D /* PrivacyFilter.swift in Sources */ = {isa = PBXBuildFile; fileRef = 706BC8585A141A691E8F8224 /* PrivacyFilter.swift */; };
		8D2179177EBECAE933ABEC8A /* ClipboardCardView.swift in Sources */ = {isa = PBXBuildFile; fileRef = 211862908E23D5AC519DCE97 /* ClipboardCardView.swift */; };
		916A798C9CEB6F4BE95C862C /* WPasteApp.swift in Sources */ = {isa = PBXBuildFile; fileRef = EF5CE3B752B05127F80C484A /* WPasteApp.swift */; };
		926B18B097ECD3DD91E75902 /* ShortcutManagerTests.swift in Sources */ = {isa = PBXBuildFile; fileRef = FE01972DE5CA8881EE220F03 /* ShortcutManagerTests.swift */; };
		939391FB3DD2DE341E16CC0D /* OnboardingWindowController.swift in Sources */ = {isa = PBXBuildFile; fileRef = C9F2803853D734C38448945D /* OnboardingWindowController.swift */; };
		996D5965403F07087A46832B /* ImageFileStoreTests.swift in Sources */ = {isa = PBXBuildFile; fileRef = 0E4B867316C74D2E381ED92A /* ImageFileStoreTests.swift */; };
		A78F61AE1859AFA442C02021 /* LinkPreviewService.swift in Sources */ = {isa = PBXBuildFile; fileRef = 768BE969B6F79A6D405808E7 /* LinkPreviewService.swift */; };
		AB67E14B6C3242667E467F55 /* ClipboardItem.swift in Sources */ = {isa = PBXBuildFile; fileRef = D56A0A2E7FC873CA764DFD6A /* ClipboardItem.swift */; };
		B21B33A3ED4313F071D013A8 /* OverlayNavigation.swift in Sources */ = {isa = PBXBuildFile; fileRef = EA76CEEF28D7401094488A7A /* OverlayNavigation.swift */; };
		B613B93EB4DC77B6E27C8E69 /* Shortcut.swift in Sources */ = {isa = PBXBuildFile; fileRef = BB49B9788D761D3D78E2FB9A /* Shortcut.swift */; };
		C19D73C35373C28CBE587F6C /* ShortcutManager.swift in Sources */ = {isa = PBXBuildFile; fileRef = 0A3EF5B171EE58F3D8416C9C /* ShortcutManager.swift */; };
		C1A912A617530048330A7F1C /* ShortcutSettingsView.swift in Sources */ = {isa = PBXBuildFile; fileRef = BEC2FF35D06C72DDA250A23D /* ShortcutSettingsView.swift */; };
		C22CEB6E394FC52E97D517F3 /* SettingsPersistenceTests.swift in Sources */ = {isa = PBXBuildFile; fileRef = CA744F4F2442587A7A2CB405 /* SettingsPersistenceTests.swift */; };
		CE03899E9810242CA565E75F /* AppModel.swift in Sources */ = {isa = PBXBuildFile; fileRef = 4579D984A63A07A789838DF5 /* AppModel.swift */; };
		D1100E9C7FF0874A9122445E /* Models.swift in Sources */ = {isa = PBXBuildFile; fileRef = EFF3DFC6B0399EC9738C435D /* Models.swift */; };
		DC232CFEADE9CA5C32B451EF /* PasteboardClient.swift in Sources */ = {isa = PBXBuildFile; fileRef = ADF9E6FD6BDBC0D85ABC2BB1 /* PasteboardClient.swift */; };
		E0AA8D91B59F14A8CC27D7D0 /* RetentionCleaner.swift in Sources */ = {isa = PBXBuildFile; fileRef = 3BA6BF51261BF0F25082BA37 /* RetentionCleaner.swift */; };
		E1B8483C05D5D22DE5A3BF23 /* ClipboardLifecycleTests.swift in Sources */ = {isa = PBXBuildFile; fileRef = EE932315FE8260E6E5F044E5 /* ClipboardLifecycleTests.swift */; };
		E4729BF4D3AFF69941E8013E /* OverlayWindowController.swift in Sources */ = {isa = PBXBuildFile; fileRef = B3AD33BB933A03CAA31B4B96 /* OverlayWindowController.swift */; };
		EE85419A4D4DB6D381AF56C9 /* ImageFileStore.swift in Sources */ = {isa = PBXBuildFile; fileRef = 107BAC8ACB4B8230113E99E3 /* ImageFileStore.swift */; };
		F2CC46AAD0AE58965A292048 /* ShortcutPersistence.swift in Sources */ = {isa = PBXBuildFile; fileRef = 9129CFB75B60DA920060F6F4 /* ShortcutPersistence.swift */; };
		F4AD730FBAEC8E077209CA7B /* OverlayNavigationTests.swift in Sources */ = {isa = PBXBuildFile; fileRef = EE719B65E0E3EE16E0994D8D /* OverlayNavigationTests.swift */; };
		FE49E874A770600BE10FBE4E /* SettingsPersistence.swift in Sources */ = {isa = PBXBuildFile; fileRef = FDF9294C4941A5F8AD778FC2 /* SettingsPersistence.swift */; };
/* End PBXBuildFile section */

/* Begin PBXContainerItemProxy section */
		86A3D213F187F5D1D32BB101 /* PBXContainerItemProxy */ = {
			isa = PBXContainerItemProxy;
			containerPortal = 775B18D6F4BEBE6589C5AE42 /* Project object */;
			proxyType = 1;
			remoteGlobalIDString = B7B217468EE987B9FEAC6ED9;
			remoteInfo = WPaste;
		};
/* End PBXContainerItemProxy section */

/* Begin PBXFileReference section */
		0A3EF5B171EE58F3D8416C9C /* ShortcutManager.swift */ = {isa = PBXFileReference; lastKnownFileType = sourcecode.swift; path = ShortcutManager.swift; sourceTree = "<group>"; };
		0CEE3A59DF01D57AD0D9F5D8 /* HistoryRepository.swift */ = {isa = PBXFileReference; lastKnownFileType = sourcecode.swift; path = HistoryRepository.swift; sourceTree = "<group>"; };
		0E4B867316C74D2E381ED92A /* ImageFileStoreTests.swift */ = {isa = PBXFileReference; lastKnownFileType = sourcecode.swift; path = ImageFileStoreTests.swift; sourceTree = "<group>"; };
		0FBAB8EC3AC118333856AB88 /* HistoryOverlayView.swift */ = {isa = PBXFileReference; lastKnownFileType = sourcecode.swift; path = HistoryOverlayView.swift; sourceTree = "<group>"; };
		107BAC8ACB4B8230113E99E3 /* ImageFileStore.swift */ = {isa = PBXFileReference; lastKnownFileType = sourcecode.swift; path = ImageFileStore.swift; sourceTree = "<group>"; };
		1902BD5D6D24F9D6883ED955 /* ClipboardMonitorTests.swift */ = {isa = PBXFileReference; lastKnownFileType = sourcecode.swift; path = ClipboardMonitorTests.swift; sourceTree = "<group>"; };
		211862908E23D5AC519DCE97 /* ClipboardCardView.swift */ = {isa = PBXFileReference; lastKnownFileType = sourcecode.swift; path = ClipboardCardView.swift; sourceTree = "<group>"; };
		265E7B996C1825028DD2E41B /* ClipboardItemTests.swift */ = {isa = PBXFileReference; lastKnownFileType = sourcecode.swift; path = ClipboardItemTests.swift; sourceTree = "<group>"; };
		2DA09DA27067536467BF3A0B /* AppSettings.swift */ = {isa = PBXFileReference; lastKnownFileType = sourcecode.swift; path = AppSettings.swift; sourceTree = "<group>"; };
		35B13C043204BB797C4F1C27 /* ClipboardMonitor.swift */ = {isa = PBXFileReference; lastKnownFileType = sourcecode.swift; path = ClipboardMonitor.swift; sourceTree = "<group>"; };
		3BA6BF51261BF0F25082BA37 /* RetentionCleaner.swift */ = {isa = PBXFileReference; lastKnownFileType = sourcecode.swift; path = RetentionCleaner.swift; sourceTree = "<group>"; };
		410D525D3DC64FE7F1F6910F /* OverlayPlacementTests.swift */ = {isa = PBXFileReference; lastKnownFileType = sourcecode.swift; path = OverlayPlacementTests.swift; sourceTree = "<group>"; };
		4579D984A63A07A789838DF5 /* AppModel.swift */ = {isa = PBXFileReference; lastKnownFileType = sourcecode.swift; path = AppModel.swift; sourceTree = "<group>"; };
		52306C3CEB128770C52C1B82 /* ShortcutRecorderButton.swift */ = {isa = PBXFileReference; lastKnownFileType = sourcecode.swift; path = ShortcutRecorderButton.swift; sourceTree = "<group>"; };
		6724F7B29D19B84F51ACBAA5 /* GeneralSettingsView.swift */ = {isa = PBXFileReference; lastKnownFileType = sourcecode.swift; path = GeneralSettingsView.swift; sourceTree = "<group>"; };
		6F81879232C1A938E9A847A1 /* CardContentViews.swift */ = {isa = PBXFileReference; lastKnownFileType = sourcecode.swift; path = CardContentViews.swift; sourceTree = "<group>"; };
		706BC8585A141A691E8F8224 /* PrivacyFilter.swift */ = {isa = PBXFileReference; lastKnownFileType = sourcecode.swift; path = PrivacyFilter.swift; sourceTree = "<group>"; };
		768BE969B6F79A6D405808E7 /* LinkPreviewService.swift */ = {isa = PBXFileReference; lastKnownFileType = sourcecode.swift; path = LinkPreviewService.swift; sourceTree = "<group>"; };
		820CAE48D1031FDF6FB447EA /* ContentFingerprint.swift */ = {isa = PBXFileReference; lastKnownFileType = sourcecode.swift; path = ContentFingerprint.swift; sourceTree = "<group>"; };
		88B7F3451D99AFF4119323A7 /* PasteboardSnapshot.swift */ = {isa = PBXFileReference; lastKnownFileType = sourcecode.swift; path = PasteboardSnapshot.swift; sourceTree = "<group>"; };
		8E5BCED182B36F324D1BFEF9 /* WPasteTests.xctest */ = {isa = PBXFileReference; explicitFileType = wrapper.cfbundle; includeInIndex = 0; path = WPasteTests.xctest; sourceTree = BUILT_PRODUCTS_DIR; };
		8F67DCD6D6B4AC51412385AC /* FrontmostApplicationClient.swift */ = {isa = PBXFileReference; lastKnownFileType = sourcecode.swift; path = FrontmostApplicationClient.swift; sourceTree = "<group>"; };
		9115F049D408F24EC4B2EC00 /* ClipboardParser.swift */ = {isa = PBXFileReference; lastKnownFileType = sourcecode.swift; path = ClipboardParser.swift; sourceTree = "<group>"; };
		9129CFB75B60DA920060F6F4 /* ShortcutPersistence.swift */ = {isa = PBXFileReference; lastKnownFileType = sourcecode.swift; path = ShortcutPersistence.swift; sourceTree = "<group>"; };
		9344781979BA362272D663AA /* HistoryStore.swift */ = {isa = PBXFileReference; lastKnownFileType = sourcecode.swift; path = HistoryStore.swift; sourceTree = "<group>"; };
		960D8E69132FF71B3D689D8A /* FeatureStoreTests.swift */ = {isa = PBXFileReference; lastKnownFileType = sourcecode.swift; path = FeatureStoreTests.swift; sourceTree = "<group>"; };
		972881A939787545F8951D3D /* LoginItemClient.swift */ = {isa = PBXFileReference; lastKnownFileType = sourcecode.swift; path = LoginItemClient.swift; sourceTree = "<group>"; };
		9AEB695539DF9D29AE01B23B /* SettingsView.swift */ = {isa = PBXFileReference; lastKnownFileType = sourcecode.swift; path = SettingsView.swift; sourceTree = "<group>"; };
		9D213E402DEE78C342240D9E /* Debug.xcconfig */ = {isa = PBXFileReference; lastKnownFileType = text.xcconfig; path = Debug.xcconfig; sourceTree = "<group>"; };
		9F60FFA5ED8E49167C337C67 /* OnboardingView.swift */ = {isa = PBXFileReference; lastKnownFileType = sourcecode.swift; path = OnboardingView.swift; sourceTree = "<group>"; };
		A07CA8128F04740B495562E5 /* WPaste.app */ = {isa = PBXFileReference; explicitFileType = wrapper.application; includeInIndex = 0; path = WPaste.app; sourceTree = BUILT_PRODUCTS_DIR; };
		ADF9E6FD6BDBC0D85ABC2BB1 /* PasteboardClient.swift */ = {isa = PBXFileReference; lastKnownFileType = sourcecode.swift; path = PasteboardClient.swift; sourceTree = "<group>"; };
		B3AD33BB933A03CAA31B4B96 /* OverlayWindowController.swift */ = {isa = PBXFileReference; lastKnownFileType = sourcecode.swift; path = OverlayWindowController.swift; sourceTree = "<group>"; };
		BB49B9788D761D3D78E2FB9A /* Shortcut.swift */ = {isa = PBXFileReference; lastKnownFileType = sourcecode.swift; path = Shortcut.swift; sourceTree = "<group>"; };
		BEC2FF35D06C72DDA250A23D /* ShortcutSettingsView.swift */ = {isa = PBXFileReference; lastKnownFileType = sourcecode.swift; path = ShortcutSettingsView.swift; sourceTree = "<group>"; };
		C2B7A6D396604F92C8230B2E /* AccessibilityClient.swift */ = {isa = PBXFileReference; lastKnownFileType = sourcecode.swift; path = AccessibilityClient.swift; sourceTree = "<group>"; };
		C9F2803853D734C38448945D /* OnboardingWindowController.swift */ = {isa = PBXFileReference; lastKnownFileType = sourcecode.swift; path = OnboardingWindowController.swift; sourceTree = "<group>"; };
		CA744F4F2442587A7A2CB405 /* SettingsPersistenceTests.swift */ = {isa = PBXFileReference; lastKnownFileType = sourcecode.swift; path = SettingsPersistenceTests.swift; sourceTree = "<group>"; };
		D32AD94DB9741C9FB9CBEFE3 /* PinboardStore.swift */ = {isa = PBXFileReference; lastKnownFileType = sourcecode.swift; path = PinboardStore.swift; sourceTree = "<group>"; };
		D56A0A2E7FC873CA764DFD6A /* ClipboardItem.swift */ = {isa = PBXFileReference; lastKnownFileType = sourcecode.swift; path = ClipboardItem.swift; sourceTree = "<group>"; };
		D7F265F57467EBC18143F52B /* PrivacyFilterTests.swift */ = {isa = PBXFileReference; lastKnownFileType = sourcecode.swift; path = PrivacyFilterTests.swift; sourceTree = "<group>"; };
		E3B5CCE570F775138B4BF339 /* HistoryRepositoryTests.swift */ = {isa = PBXFileReference; lastKnownFileType = sourcecode.swift; path = HistoryRepositoryTests.swift; sourceTree = "<group>"; };
		E9960C15B36C1BCCA5E97F9C /* PasteCoordinatorTests.swift */ = {isa = PBXFileReference; lastKnownFileType = sourcecode.swift; path = PasteCoordinatorTests.swift; sourceTree = "<group>"; };
		EA76CEEF28D7401094488A7A /* OverlayNavigation.swift */ = {isa = PBXFileReference; lastKnownFileType = sourcecode.swift; path = OverlayNavigation.swift; sourceTree = "<group>"; };
		ED06163EFBA4E95E4DB2EBF6 /* Release.xcconfig */ = {isa = PBXFileReference; lastKnownFileType = text.xcconfig; path = Release.xcconfig; sourceTree = "<group>"; };
		EDC566AB02F25412F3992214 /* PasteCoordinator.swift */ = {isa = PBXFileReference; lastKnownFileType = sourcecode.swift; path = PasteCoordinator.swift; sourceTree = "<group>"; };
		EE719B65E0E3EE16E0994D8D /* OverlayNavigationTests.swift */ = {isa = PBXFileReference; lastKnownFileType = sourcecode.swift; path = OverlayNavigationTests.swift; sourceTree = "<group>"; };
		EE932315FE8260E6E5F044E5 /* ClipboardLifecycleTests.swift */ = {isa = PBXFileReference; lastKnownFileType = sourcecode.swift; path = ClipboardLifecycleTests.swift; sourceTree = "<group>"; };
		EF5CE3B752B05127F80C484A /* WPasteApp.swift */ = {isa = PBXFileReference; lastKnownFileType = sourcecode.swift; path = WPasteApp.swift; sourceTree = "<group>"; };
		EFF3DFC6B0399EC9738C435D /* Models.swift */ = {isa = PBXFileReference; lastKnownFileType = sourcecode.swift; path = Models.swift; sourceTree = "<group>"; };
		F2B361885135DF8243C37EFC /* PrivacySettingsView.swift */ = {isa = PBXFileReference; lastKnownFileType = sourcecode.swift; path = PrivacySettingsView.swift; sourceTree = "<group>"; };
		F97DB7A4603C3CA3FB3E5D96 /* ClipboardParserTests.swift */ = {isa = PBXFileReference; lastKnownFileType = sourcecode.swift; path = ClipboardParserTests.swift; sourceTree = "<group>"; };
		FDF9294C4941A5F8AD778FC2 /* SettingsPersistence.swift */ = {isa = PBXFileReference; lastKnownFileType = sourcecode.swift; path = SettingsPersistence.swift; sourceTree = "<group>"; };
		FE01972DE5CA8881EE220F03 /* ShortcutManagerTests.swift */ = {isa = PBXFileReference; lastKnownFileType = sourcecode.swift; path = ShortcutManagerTests.swift; sourceTree = "<group>"; };
/* End PBXFileReference section */

/* Begin PBXGroup section */
		1D306258541BCB95A1E673D3 /* System */ = {
			isa = PBXGroup;
			children = (
				972881A939787545F8951D3D /* LoginItemClient.swift */,
			);
			path = System;
			sourceTree = "<group>";
		};
		21FBDF87B374BEC60799335D /* Shortcuts */ = {
			isa = PBXGroup;
			children = (
				FE01972DE5CA8881EE220F03 /* ShortcutManagerTests.swift */,
			);
			path = Shortcuts;
			sourceTree = "<group>";
		};
		3C0C6CDAC2C775ADEFAA062D /* Integration */ = {
			isa = PBXGroup;
			children = (
				EE932315FE8260E6E5F044E5 /* ClipboardLifecycleTests.swift */,
			);
			path = Integration;
			sourceTree = "<group>";
		};
		49C820C821817E426129C9BD /* Domain */ = {
			isa = PBXGroup;
			children = (
				2DA09DA27067536467BF3A0B /* AppSettings.swift */,
				D56A0A2E7FC873CA764DFD6A /* ClipboardItem.swift */,
			);
			path = Domain;
			sourceTree = "<group>";
		};
		5D85D056673BEB87C5459B3D /* Settings */ = {
			isa = PBXGroup;
			children = (
				CA744F4F2442587A7A2CB405 /* SettingsPersistenceTests.swift */,
			);
			path = Settings;
			sourceTree = "<group>";
		};
		6B7998A19E6CA48EBA64C984 /* Settings */ = {
			isa = PBXGroup;
			children = (
				6724F7B29D19B84F51ACBAA5 /* GeneralSettingsView.swift */,
				F2B361885135DF8243C37EFC /* PrivacySettingsView.swift */,
				FDF9294C4941A5F8AD778FC2 /* SettingsPersistence.swift */,
				9AEB695539DF9D29AE01B23B /* SettingsView.swift */,
				52306C3CEB128770C52C1B82 /* ShortcutRecorderButton.swift */,
				BEC2FF35D06C72DDA250A23D /* ShortcutSettingsView.swift */,
			);
			path = Settings;
			sourceTree = "<group>";
		};
		71BC07CEE0DB4A48D552F771 /* WPaste */ = {
			isa = PBXGroup;
			children = (
				F604C00011BFC409E2D5BB44 /* App */,
				C47221545778E5AAF6B1E85E /* Clipboard */,
				49C820C821817E426129C9BD /* Domain */,
				8460988FA7F288DE04992569 /* Features */,
				7FAE0188C6F570D31D060A41 /* Overlay */,
				7D695987811726C589DB8B31 /* Paste */,
				80CCAC9506F12A55FBDA7CF8 /* Persistence */,
				BE6D9A689BB6F076CE0C22FD /* Preview */,
				8CFCAED8892C525A969A8170 /* Shortcuts */,
				1D306258541BCB95A1E673D3 /* System */,
			);
			path = WPaste;
			sourceTree = "<group>";
		};
		724D8F95F1A61A8FC047C995 /* Config */ = {
			isa = PBXGroup;
			children = (
				9D213E402DEE78C342240D9E /* Debug.xcconfig */,
				ED06163EFBA4E95E4DB2EBF6 /* Release.xcconfig */,
			);
			path = Config;
			sourceTree = "<group>";
		};
		7D695987811726C589DB8B31 /* Paste */ = {
			isa = PBXGroup;
			children = (
				C2B7A6D396604F92C8230B2E /* AccessibilityClient.swift */,
				8F67DCD6D6B4AC51412385AC /* FrontmostApplicationClient.swift */,
				EDC566AB02F25412F3992214 /* PasteCoordinator.swift */,
			);
			path = Paste;
			sourceTree = "<group>";
		};
		7FAE0188C6F570D31D060A41 /* Overlay */ = {
			isa = PBXGroup;
			children = (
				B3AD33BB933A03CAA31B4B96 /* OverlayWindowController.swift */,
			);
			path = Overlay;
			sourceTree = "<group>";
		};
		80CCAC9506F12A55FBDA7CF8 /* Persistence */ = {
			isa = PBXGroup;
			children = (
				0CEE3A59DF01D57AD0D9F5D8 /* HistoryRepository.swift */,
				107BAC8ACB4B8230113E99E3 /* ImageFileStore.swift */,
				EFF3DFC6B0399EC9738C435D /* Models.swift */,
				3BA6BF51261BF0F25082BA37 /* RetentionCleaner.swift */,
			);
			path = Persistence;
			sourceTree = "<group>";
		};
		8460988FA7F288DE04992569 /* Features */ = {
			isa = PBXGroup;
			children = (
				A0BAF63231397C0115FD4A9B /* History */,
				AE8AB0E86786AB497E35F0D8 /* Onboarding */,
				8AAACEF21B63A43C34C9460F /* Pinboards */,
				6B7998A19E6CA48EBA64C984 /* Settings */,
			);
			path = Features;
			sourceTree = "<group>";
		};
		8AAACEF21B63A43C34C9460F /* Pinboards */ = {
			isa = PBXGroup;
			children = (
				D32AD94DB9741C9FB9CBEFE3 /* PinboardStore.swift */,
			);
			path = Pinboards;
			sourceTree = "<group>";
		};
		8CFCAED8892C525A969A8170 /* Shortcuts */ = {
			isa = PBXGroup;
			children = (
				BB49B9788D761D3D78E2FB9A /* Shortcut.swift */,
				0A3EF5B171EE58F3D8416C9C /* ShortcutManager.swift */,
				9129CFB75B60DA920060F6F4 /* ShortcutPersistence.swift */,
			);
			path = Shortcuts;
			sourceTree = "<group>";
		};
		9002D96DA3EBEA59BA16D46B /* Paste */ = {
			isa = PBXGroup;
			children = (
				E9960C15B36C1BCCA5E97F9C /* PasteCoordinatorTests.swift */,
			);
			path = Paste;
			sourceTree = "<group>";
		};
		A0BAF63231397C0115FD4A9B /* History */ = {
			isa = PBXGroup;
			children = (
				6F81879232C1A938E9A847A1 /* CardContentViews.swift */,
				211862908E23D5AC519DCE97 /* ClipboardCardView.swift */,
				0FBAB8EC3AC118333856AB88 /* HistoryOverlayView.swift */,
				9344781979BA362272D663AA /* HistoryStore.swift */,
				EA76CEEF28D7401094488A7A /* OverlayNavigation.swift */,
			);
			path = History;
			sourceTree = "<group>";
		};
		A18DC09DEF44B93ABFFD3A0E /* Features */ = {
			isa = PBXGroup;
			children = (
				960D8E69132FF71B3D689D8A /* FeatureStoreTests.swift */,
				EE719B65E0E3EE16E0994D8D /* OverlayNavigationTests.swift */,
			);
			path = Features;
			sourceTree = "<group>";
		};
		A99B747F57B04C23BAB1AB87 /* Clipboard */ = {
			isa = PBXGroup;
			children = (
				1902BD5D6D24F9D6883ED955 /* ClipboardMonitorTests.swift */,
				F97DB7A4603C3CA3FB3E5D96 /* ClipboardParserTests.swift */,
				D7F265F57467EBC18143F52B /* PrivacyFilterTests.swift */,
			);
			path = Clipboard;
			sourceTree = "<group>";
		};
		AE8AB0E86786AB497E35F0D8 /* Onboarding */ = {
			isa = PBXGroup;
			children = (
				9F60FFA5ED8E49167C337C67 /* OnboardingView.swift */,
				C9F2803853D734C38448945D /* OnboardingWindowController.swift */,
			);
			path = Onboarding;
			sourceTree = "<group>";
		};
		B545118BD60B8C668A85C8DA /* Products */ = {
			isa = PBXGroup;
			children = (
				A07CA8128F04740B495562E5 /* WPaste.app */,
				8E5BCED182B36F324D1BFEF9 /* WPasteTests.xctest */,
			);
			name = Products;
			sourceTree = "<group>";
		};
		BE6D9A689BB6F076CE0C22FD /* Preview */ = {
			isa = PBXGroup;
			children = (
				768BE969B6F79A6D405808E7 /* LinkPreviewService.swift */,
			);
			path = Preview;
			sourceTree = "<group>";
		};
		BF58D97B88183C98241FB159 /* Domain */ = {
			isa = PBXGroup;
			children = (
				265E7B996C1825028DD2E41B /* ClipboardItemTests.swift */,
			);
			path = Domain;
			sourceTree = "<group>";
		};
		C47221545778E5AAF6B1E85E /* Clipboard */ = {
			isa = PBXGroup;
			children = (
				35B13C043204BB797C4F1C27 /* ClipboardMonitor.swift */,
				9115F049D408F24EC4B2EC00 /* ClipboardParser.swift */,
				820CAE48D1031FDF6FB447EA /* ContentFingerprint.swift */,
				ADF9E6FD6BDBC0D85ABC2BB1 /* PasteboardClient.swift */,
				88B7F3451D99AFF4119323A7 /* PasteboardSnapshot.swift */,
				706BC8585A141A691E8F8224 /* PrivacyFilter.swift */,
			);
			path = Clipboard;
			sourceTree = "<group>";
		};
		D5D8B969527F90325B496E2E /* Persistence */ = {
			isa = PBXGroup;
			children = (
				E3B5CCE570F775138B4BF339 /* HistoryRepositoryTests.swift */,
				0E4B867316C74D2E381ED92A /* ImageFileStoreTests.swift */,
			);
			path = Persistence;
			sourceTree = "<group>";
		};
		DC3EDF788DF0ADEFB0F1D04E /* WPasteTests */ = {
			isa = PBXGroup;
			children = (
				A99B747F57B04C23BAB1AB87 /* Clipboard */,
				BF58D97B88183C98241FB159 /* Domain */,
				A18DC09DEF44B93ABFFD3A0E /* Features */,
				3C0C6CDAC2C775ADEFAA062D /* Integration */,
				FC4955164FB4166393136F6B /* Overlay */,
				9002D96DA3EBEA59BA16D46B /* Paste */,
				D5D8B969527F90325B496E2E /* Persistence */,
				5D85D056673BEB87C5459B3D /* Settings */,
				21FBDF87B374BEC60799335D /* Shortcuts */,
			);
			path = WPasteTests;
			sourceTree = "<group>";
		};
		E4B61732CCEA70B963D4DCA4 = {
			isa = PBXGroup;
			children = (
				724D8F95F1A61A8FC047C995 /* Config */,
				71BC07CEE0DB4A48D552F771 /* WPaste */,
				DC3EDF788DF0ADEFB0F1D04E /* WPasteTests */,
				B545118BD60B8C668A85C8DA /* Products */,
			);
			sourceTree = "<group>";
		};
		F604C00011BFC409E2D5BB44 /* App */ = {
			isa = PBXGroup;
			children = (
				4579D984A63A07A789838DF5 /* AppModel.swift */,
				EF5CE3B752B05127F80C484A /* WPasteApp.swift */,
			);
			path = App;
			sourceTree = "<group>";
		};
		FC4955164FB4166393136F6B /* Overlay */ = {
			isa = PBXGroup;
			children = (
				410D525D3DC64FE7F1F6910F /* OverlayPlacementTests.swift */,
			);
			path = Overlay;
			sourceTree = "<group>";
		};
/* End PBXGroup section */

/* Begin PBXNativeTarget section */
		2138E2E4A7D3E28908DB431F /* WPasteTests */ = {
			isa = PBXNativeTarget;
			buildConfigurationList = CCBFDEAE3F02814CB0C02A36 /* Build configuration list for PBXNativeTarget "WPasteTests" */;
			buildPhases = (
				9F38F83E4E98262CE6A6700B /* Sources */,
			);
			buildRules = (
			);
			dependencies = (
				6A261420056450D57774CE1D /* PBXTargetDependency */,
			);
			name = WPasteTests;
			packageProductDependencies = (
			);
			productName = WPasteTests;
			productReference = 8E5BCED182B36F324D1BFEF9 /* WPasteTests.xctest */;
			productType = "com.apple.product-type.bundle.unit-test";
		};
		B7B217468EE987B9FEAC6ED9 /* WPaste */ = {
			isa = PBXNativeTarget;
			buildConfigurationList = BA2260D9631D18573B1E2EC4 /* Build configuration list for PBXNativeTarget "WPaste" */;
			buildPhases = (
				258D9BF07074CA62C986D651 /* Sources */,
			);
			buildRules = (
			);
			dependencies = (
			);
			name = WPaste;
			packageProductDependencies = (
			);
			productName = WPaste;
			productReference = A07CA8128F04740B495562E5 /* WPaste.app */;
			productType = "com.apple.product-type.application";
		};
/* End PBXNativeTarget section */

/* Begin PBXProject section */
		775B18D6F4BEBE6589C5AE42 /* Project object */ = {
			isa = PBXProject;
			attributes = {
				BuildIndependentTargetsInParallel = YES;
				LastUpgradeCheck = 1430;
				TargetAttributes = {
					2138E2E4A7D3E28908DB431F = {
						DevelopmentTeam = "";
					};
					B7B217468EE987B9FEAC6ED9 = {
						DevelopmentTeam = "";
					};
				};
			};
			buildConfigurationList = B8522D5B60AD29CA01BAA7F1 /* Build configuration list for PBXProject "WPaste" */;
			developmentRegion = en;
			hasScannedForEncodings = 0;
			knownRegions = (
				Base,
				en,
			);
			mainGroup = E4B61732CCEA70B963D4DCA4;
			minimizedProjectReferenceProxies = 1;
			preferredProjectObjectVersion = 77;
			productRefGroup = B545118BD60B8C668A85C8DA /* Products */;
			projectDirPath = "";
			projectRoot = "";
			targets = (
				B7B217468EE987B9FEAC6ED9 /* WPaste */,
				2138E2E4A7D3E28908DB431F /* WPasteTests */,
			);
		};
/* End PBXProject section */

/* Begin PBXSourcesBuildPhase section */
		258D9BF07074CA62C986D651 /* Sources */ = {
			isa = PBXSourcesBuildPhase;
			buildActionMask = 2147483647;
			files = (
				118BB37330171ED4685D90FB /* AccessibilityClient.swift in Sources */,
				CE03899E9810242CA565E75F /* AppModel.swift in Sources */,
				0CD97FA471CEC05CC9C2DDD7 /* AppSettings.swift in Sources */,
				3D3D462836065C0DFB087CD2 /* CardContentViews.swift in Sources */,
				8D2179177EBECAE933ABEC8A /* ClipboardCardView.swift in Sources */,
				AB67E14B6C3242667E467F55 /* ClipboardItem.swift in Sources */,
				43A157C488F86BDB0CD14AC4 /* ClipboardMonitor.swift in Sources */,
				248E9A758530134CAB544263 /* ClipboardParser.swift in Sources */,
				375079078392BF0E2C1C7887 /* ContentFingerprint.swift in Sources */,
				8167536D1CF7DB576E6C01C6 /* FrontmostApplicationClient.swift in Sources */,
				459DFB7A8B883325F7138B6C /* GeneralSettingsView.swift in Sources */,
				384D353D37571BD0EFCC46F3 /* HistoryOverlayView.swift in Sources */,
				3827975511379D0538AC7C25 /* HistoryRepository.swift in Sources */,
				433F21E1A1715DF9900E0B05 /* HistoryStore.swift in Sources */,
				EE85419A4D4DB6D381AF56C9 /* ImageFileStore.swift in Sources */,
				A78F61AE1859AFA442C02021 /* LinkPreviewService.swift in Sources */,
				0005EE0DEB8C2B0034B5A724 /* LoginItemClient.swift in Sources */,
				D1100E9C7FF0874A9122445E /* Models.swift in Sources */,
				4A28FD617DEB105EF4892E17 /* OnboardingView.swift in Sources */,
				939391FB3DD2DE341E16CC0D /* OnboardingWindowController.swift in Sources */,
				B21B33A3ED4313F071D013A8 /* OverlayNavigation.swift in Sources */,
				E4729BF4D3AFF69941E8013E /* OverlayWindowController.swift in Sources */,
				6341B310D0EC12C330098BC2 /* PasteCoordinator.swift in Sources */,
				DC232CFEADE9CA5C32B451EF /* PasteboardClient.swift in Sources */,
				129F5E0BE57787E365BD78EC /* PasteboardSnapshot.swift in Sources */,
				0BEA5D57506C0E23A7A4E24A /* PinboardStore.swift in Sources */,
				8B9131671FDE64B7BE8C099D /* PrivacyFilter.swift in Sources */,
				1E5FC1F6780946F2C1428188 /* PrivacySettingsView.swift in Sources */,
				E0AA8D91B59F14A8CC27D7D0 /* RetentionCleaner.swift in Sources */,
				FE49E874A770600BE10FBE4E /* SettingsPersistence.swift in Sources */,
				89569F35293BD1FECBECC1D6 /* SettingsView.swift in Sources */,
				B613B93EB4DC77B6E27C8E69 /* Shortcut.swift in Sources */,
				C19D73C35373C28CBE587F6C /* ShortcutManager.swift in Sources */,
				F2CC46AAD0AE58965A292048 /* ShortcutPersistence.swift in Sources */,
				302B3B0D3F54437B43F8DD89 /* ShortcutRecorderButton.swift in Sources */,
				C1A912A617530048330A7F1C /* ShortcutSettingsView.swift in Sources */,
				916A798C9CEB6F4BE95C862C /* WPasteApp.swift in Sources */,
			);
			runOnlyForDeploymentPostprocessing = 0;
		};
		9F38F83E4E98262CE6A6700B /* Sources */ = {
			isa = PBXSourcesBuildPhase;
			buildActionMask = 2147483647;
			files = (
				25E264E8FE8E797740593ABD /* ClipboardItemTests.swift in Sources */,
				E1B8483C05D5D22DE5A3BF23 /* ClipboardLifecycleTests.swift in Sources */,
				5E566EC81D7FC3CBE60DE88B /* ClipboardMonitorTests.swift in Sources */,
				3F5993BAD659D0FF68981CC4 /* ClipboardParserTests.swift in Sources */,
				7C7F7CE90AAC55CA3355DF5B /* FeatureStoreTests.swift in Sources */,
				71120242D7BC5F8B6450BDF1 /* HistoryRepositoryTests.swift in Sources */,
				996D5965403F07087A46832B /* ImageFileStoreTests.swift in Sources */,
				F4AD730FBAEC8E077209CA7B /* OverlayNavigationTests.swift in Sources */,
				07B622426AB13D6F593CEA79 /* OverlayPlacementTests.swift in Sources */,
				5B7942EF0AD50EA13E284041 /* PasteCoordinatorTests.swift in Sources */,
				2383FE8196B096A73E56B1CE /* PrivacyFilterTests.swift in Sources */,
				C22CEB6E394FC52E97D517F3 /* SettingsPersistenceTests.swift in Sources */,
				926B18B097ECD3DD91E75902 /* ShortcutManagerTests.swift in Sources */,
			);
			runOnlyForDeploymentPostprocessing = 0;
		};
/* End PBXSourcesBuildPhase section */

/* Begin PBXTargetDependency section */
		6A261420056450D57774CE1D /* PBXTargetDependency */ = {
			isa = PBXTargetDependency;
			target = B7B217468EE987B9FEAC6ED9 /* WPaste */;
			targetProxy = 86A3D213F187F5D1D32BB101 /* PBXContainerItemProxy */;
		};
/* End PBXTargetDependency section */

/* Begin XCBuildConfiguration section */
		080468B6A4CC74F23F5FD6ED /* Release */ = {
			isa = XCBuildConfiguration;
			baseConfigurationReference = ED06163EFBA4E95E4DB2EBF6 /* Release.xcconfig */;
			buildSettings = {
				ALWAYS_SEARCH_USER_PATHS = NO;
				CLANG_ANALYZER_NONNULL = YES;
				CLANG_ANALYZER_NUMBER_OBJECT_CONVERSION = YES_AGGRESSIVE;
				CLANG_CXX_LANGUAGE_STANDARD = "gnu++14";
				CLANG_CXX_LIBRARY = "libc++";
				CLANG_ENABLE_MODULES = YES;
				CLANG_ENABLE_OBJC_ARC = YES;
				CLANG_ENABLE_OBJC_WEAK = YES;
				CLANG_WARN_BLOCK_CAPTURE_AUTORELEASING = YES;
				CLANG_WARN_BOOL_CONVERSION = YES;
				CLANG_WARN_COMMA = YES;
				CLANG_WARN_CONSTANT_CONVERSION = YES;
				CLANG_WARN_DEPRECATED_OBJC_IMPLEMENTATIONS = YES;
				CLANG_WARN_DIRECT_OBJC_ISA_USAGE = YES_ERROR;
				CLANG_WARN_DOCUMENTATION_COMMENTS = YES;
				CLANG_WARN_EMPTY_BODY = YES;
				CLANG_WARN_ENUM_CONVERSION = YES;
				CLANG_WARN_INFINITE_RECURSION = YES;
				CLANG_WARN_INT_CONVERSION = YES;
				CLANG_WARN_NON_LITERAL_NULL_CONVERSION = YES;
				CLANG_WARN_OBJC_IMPLICIT_RETAIN_SELF = YES;
				CLANG_WARN_OBJC_LITERAL_CONVERSION = YES;
				CLANG_WARN_OBJC_ROOT_CLASS = YES_ERROR;
				CLANG_WARN_QUOTED_INCLUDE_IN_FRAMEWORK_HEADER = YES;
				CLANG_WARN_RANGE_LOOP_ANALYSIS = YES;
				CLANG_WARN_STRICT_PROTOTYPES = YES;
				CLANG_WARN_SUSPICIOUS_MOVE = YES;
				CLANG_WARN_UNGUARDED_AVAILABILITY = YES_AGGRESSIVE;
				CLANG_WARN_UNREACHABLE_CODE = YES;
				CLANG_WARN__DUPLICATE_METHOD_MATCH = YES;
				COPY_PHASE_STRIP = NO;
				CURRENT_PROJECT_VERSION = 1;
				DEBUG_INFORMATION_FORMAT = "dwarf-with-dsym";
				DEVELOPMENT_TEAM = "";
				ENABLE_NS_ASSERTIONS = NO;
				ENABLE_STRICT_OBJC_MSGSEND = YES;
				GCC_C_LANGUAGE_STANDARD = gnu11;
				GCC_NO_COMMON_BLOCKS = YES;
				GCC_WARN_64_TO_32_BIT_CONVERSION = YES;
				GCC_WARN_ABOUT_RETURN_TYPE = YES_ERROR;
				GCC_WARN_UNDECLARED_SELECTOR = YES;
				GCC_WARN_UNINITIALIZED_AUTOS = YES_AGGRESSIVE;
				GCC_WARN_UNUSED_FUNCTION = YES;
				GCC_WARN_UNUSED_VARIABLE = YES;
				MACOSX_DEPLOYMENT_TARGET = 15.0;
				MARKETING_VERSION = 0.1.0;
				MTL_ENABLE_DEBUG_INFO = NO;
				MTL_FAST_MATH = YES;
				PRODUCT_NAME = "$(TARGET_NAME)";
				SDKROOT = macosx;
				SWIFT_VERSION = 6.0;
			};
			name = Release;
		};
		48D53989B9F478146A7325ED /* Debug */ = {
			isa = XCBuildConfiguration;
			baseConfigurationReference = 9D213E402DEE78C342240D9E /* Debug.xcconfig */;
			buildSettings = {
				ALWAYS_SEARCH_USER_PATHS = NO;
				CLANG_ANALYZER_NONNULL = YES;
				CLANG_ANALYZER_NUMBER_OBJECT_CONVERSION = YES_AGGRESSIVE;
				CLANG_CXX_LANGUAGE_STANDARD = "gnu++14";
				CLANG_CXX_LIBRARY = "libc++";
				CLANG_ENABLE_MODULES = YES;
				CLANG_ENABLE_OBJC_ARC = YES;
				CLANG_ENABLE_OBJC_WEAK = YES;
				CLANG_WARN_BLOCK_CAPTURE_AUTORELEASING = YES;
				CLANG_WARN_BOOL_CONVERSION = YES;
				CLANG_WARN_COMMA = YES;
				CLANG_WARN_CONSTANT_CONVERSION = YES;
				CLANG_WARN_DEPRECATED_OBJC_IMPLEMENTATIONS = YES;
				CLANG_WARN_DIRECT_OBJC_ISA_USAGE = YES_ERROR;
				CLANG_WARN_DOCUMENTATION_COMMENTS = YES;
				CLANG_WARN_EMPTY_BODY = YES;
				CLANG_WARN_ENUM_CONVERSION = YES;
				CLANG_WARN_INFINITE_RECURSION = YES;
				CLANG_WARN_INT_CONVERSION = YES;
				CLANG_WARN_NON_LITERAL_NULL_CONVERSION = YES;
				CLANG_WARN_OBJC_IMPLICIT_RETAIN_SELF = YES;
				CLANG_WARN_OBJC_LITERAL_CONVERSION = YES;
				CLANG_WARN_OBJC_ROOT_CLASS = YES_ERROR;
				CLANG_WARN_QUOTED_INCLUDE_IN_FRAMEWORK_HEADER = YES;
				CLANG_WARN_RANGE_LOOP_ANALYSIS = YES;
				CLANG_WARN_STRICT_PROTOTYPES = YES;
				CLANG_WARN_SUSPICIOUS_MOVE = YES;
				CLANG_WARN_UNGUARDED_AVAILABILITY = YES_AGGRESSIVE;
				CLANG_WARN_UNREACHABLE_CODE = YES;
				CLANG_WARN__DUPLICATE_METHOD_MATCH = YES;
				COPY_PHASE_STRIP = NO;
				CURRENT_PROJECT_VERSION = 1;
				DEBUG_INFORMATION_FORMAT = dwarf;
				DEVELOPMENT_TEAM = "";
				ENABLE_STRICT_OBJC_MSGSEND = YES;
				ENABLE_TESTABILITY = YES;
				GCC_C_LANGUAGE_STANDARD = gnu11;
				GCC_DYNAMIC_NO_PIC = NO;
				GCC_NO_COMMON_BLOCKS = YES;
				GCC_OPTIMIZATION_LEVEL = 0;
				GCC_PREPROCESSOR_DEFINITIONS = (
					"$(inherited)",
					"DEBUG=1",
				);
				GCC_WARN_64_TO_32_BIT_CONVERSION = YES;
				GCC_WARN_ABOUT_RETURN_TYPE = YES_ERROR;
				GCC_WARN_UNDECLARED_SELECTOR = YES;
				GCC_WARN_UNINITIALIZED_AUTOS = YES_AGGRESSIVE;
				GCC_WARN_UNUSED_FUNCTION = YES;
				GCC_WARN_UNUSED_VARIABLE = YES;
				MACOSX_DEPLOYMENT_TARGET = 15.0;
				MARKETING_VERSION = 0.1.0;
				MTL_ENABLE_DEBUG_INFO = INCLUDE_SOURCE;
				MTL_FAST_MATH = YES;
				PRODUCT_NAME = "$(TARGET_NAME)";
				SDKROOT = macosx;
				SWIFT_OPTIMIZATION_LEVEL = "-Onone";
				SWIFT_VERSION = 6.0;
			};
			name = Debug;
		};
		85B8BB08489A8B3B2E7FA8E2 /* Release */ = {
			isa = XCBuildConfiguration;
			buildSettings = {
				ASSETCATALOG_COMPILER_APPICON_NAME = AppIcon;
				CODE_SIGNING_ALLOWED = NO;
				COMBINE_HIDPI_IMAGES = YES;
				GENERATE_INFOPLIST_FILE = YES;
				INFOPLIST_KEY_LSApplicationCategoryType = "public.app-category.utilities";
				INFOPLIST_KEY_LSUIElement = YES;
				LD_RUNPATH_SEARCH_PATHS = (
					"$(inherited)",
					"@executable_path/../Frameworks",
				);
				PRODUCT_BUNDLE_IDENTIFIER = com.chujianyun.wpaste;
				SDKROOT = macosx;
			};
			name = Release;
		};
		B1669465E6A752F75960248F /* Release */ = {
			isa = XCBuildConfiguration;
			buildSettings = {
				BUNDLE_LOADER = "$(TEST_HOST)";
				CODE_SIGNING_ALLOWED = NO;
				COMBINE_HIDPI_IMAGES = YES;
				GENERATE_INFOPLIST_FILE = YES;
				LD_RUNPATH_SEARCH_PATHS = (
					"$(inherited)",
					"@executable_path/../Frameworks",
					"@loader_path/../Frameworks",
				);
				PRODUCT_BUNDLE_IDENTIFIER = com.chujianyun.WPasteTests;
				SDKROOT = macosx;
				TEST_HOST = "$(BUILT_PRODUCTS_DIR)/WPaste.app/Contents/MacOS/WPaste";
			};
			name = Release;
		};
		B20841BA8E1334CFB6EB86A4 /* Debug */ = {
			isa = XCBuildConfiguration;
			buildSettings = {
				BUNDLE_LOADER = "$(TEST_HOST)";
				CODE_SIGNING_ALLOWED = NO;
				COMBINE_HIDPI_IMAGES = YES;
				GENERATE_INFOPLIST_FILE = YES;
				LD_RUNPATH_SEARCH_PATHS = (
					"$(inherited)",
					"@executable_path/../Frameworks",
					"@loader_path/../Frameworks",
				);
				PRODUCT_BUNDLE_IDENTIFIER = com.chujianyun.WPasteTests;
				SDKROOT = macosx;
				TEST_HOST = "$(BUILT_PRODUCTS_DIR)/WPaste.app/Contents/MacOS/WPaste";
			};
			name = Debug;
		};
		EBF2C0C7B9836C807EF577C2 /* Debug */ = {
			isa = XCBuildConfiguration;
			buildSettings = {
				ASSETCATALOG_COMPILER_APPICON_NAME = AppIcon;
				CODE_SIGNING_ALLOWED = NO;
				COMBINE_HIDPI_IMAGES = YES;
				GENERATE_INFOPLIST_FILE = YES;
				INFOPLIST_KEY_LSApplicationCategoryType = "public.app-category.utilities";
				INFOPLIST_KEY_LSUIElement = YES;
				LD_RUNPATH_SEARCH_PATHS = (
					"$(inherited)",
					"@executable_path/../Frameworks",
				);
				PRODUCT_BUNDLE_IDENTIFIER = com.chujianyun.wpaste;
				SDKROOT = macosx;
			};
			name = Debug;
		};
/* End XCBuildConfiguration section */

/* Begin XCConfigurationList section */
		B8522D5B60AD29CA01BAA7F1 /* Build configuration list for PBXProject "WPaste" */ = {
			isa = XCConfigurationList;
			buildConfigurations = (
				48D53989B9F478146A7325ED /* Debug */,
				080468B6A4CC74F23F5FD6ED /* Release */,
			);
			defaultConfigurationIsVisible = 0;
			defaultConfigurationName = Debug;
		};
		BA2260D9631D18573B1E2EC4 /* Build configuration list for PBXNativeTarget "WPaste" */ = {
			isa = XCConfigurationList;
			buildConfigurations = (
				EBF2C0C7B9836C807EF577C2 /* Debug */,
				85B8BB08489A8B3B2E7FA8E2 /* Release */,
			);
			defaultConfigurationIsVisible = 0;
			defaultConfigurationName = Debug;
		};
		CCBFDEAE3F02814CB0C02A36 /* Build configuration list for PBXNativeTarget "WPasteTests" */ = {
			isa = XCConfigurationList;
			buildConfigurations = (
				B20841BA8E1334CFB6EB86A4 /* Debug */,
				B1669465E6A752F75960248F /* Release */,
			);
			defaultConfigurationIsVisible = 0;
			defaultConfigurationName = Debug;
		};
/* End XCConfigurationList section */
	};
	rootObject = 775B18D6F4BEBE6589C5AE42 /* Project object */;
}
